// !$*UTF8*$!
{
	archiveVersion = 1;
	classes = {
	};
	objectVersion = 48;
	objects = {

/* Begin PBXBuildFile section */
		D6791D321FA9CCD500FF2379 /* AppDelegate.swift in Sources */ = {isa = PBXBuildFile; fileRef = D6791D311FA9CCD500FF2379 /* AppDelegate.swift */; };
		D6791D341FA9CCD500FF2379 /* ViewController.swift in Sources */ = {isa = PBXBuildFile; fileRef = D6791D331FA9CCD500FF2379 /* ViewController.swift */; };
		D6791D371FA9CCD500FF2379 /* Main.storyboard in Resources */ = {isa = PBXBuildFile; fileRef = D6791D351FA9CCD500FF2379 /* Main.storyboard */; };
		D6791D391FA9CCD500FF2379 /* Assets.xcassets in Resources */ = {isa = PBXBuildFile; fileRef = D6791D381FA9CCD500FF2379 /* Assets.xcassets */; };
		D6791D3C1FA9CCD500FF2379 /* LaunchScreen.storyboard in Resources */ = {isa = PBXBuildFile; fileRef = D6791D3A1FA9CCD500FF2379 /* LaunchScreen.storyboard */; };
		D6791D471FA9CCD500FF2379 /* iOSQuizTests.swift in Sources */ = {isa = PBXBuildFile; fileRef = D6791D461FA9CCD500FF2379 /* iOSQuizTests.swift */; };
		D6791D521FA9CCD500FF2379 /* iOSQuizUITests.swift in Sources */ = {isa = PBXBuildFile; fileRef = D6791D511FA9CCD500FF2379 /* iOSQuizUITests.swift */; };
/* End PBXBuildFile section */

/* Begin PBXContainerItemProxy section */
		D6791D431FA9CCD500FF2379 /* PBXContainerItemProxy */ = {
			isa = PBXContainerItemProxy;
			containerPortal = D6791D261FA9CCD400FF2379 /* Project object */;
			proxyType = 1;
			remoteGlobalIDString = D6791D2D1FA9CCD500FF2379;
			remoteInfo = iOSQuiz;
		};
		D6791D4E1FA9CCD500FF2379 /* PBXContainerItemProxy */ = {
			isa = PBXContainerItemProxy;
			containerPortal = D6791D261FA9CCD400FF2379 /* Project object */;
			proxyType = 1;
			remoteGlobalIDString = D6791D2D1FA9CCD500FF2379;
			remoteInfo = iOSQuiz;
		};
/* End PBXContainerItemProxy section */

/* Begin PBXFileReference section */
		D6791D2E1FA9CCD500FF2379 /* iOSQuiz.app */ = {isa = PBXFileReference; explicitFileType = wrapper.application; includeInIndex = 0; path = iOSQuiz.app; sourceTree = BUILT_PRODUCTS_DIR; };
		D6791D311FA9CCD500FF2379 /* AppDelegate.swift */ = {isa = PBXFileReference; lastKnownFileType = sourcecode.swift; path = AppDelegate.swift; sourceTree = "<group>"; };
		D6791D331FA9CCD500FF2379 /* ViewController.swift */ = {isa = PBXFileReference; lastKnownFileType = sourcecode.swift; path = ViewController.swift; sourceTree = "<group>"; };
		D6791D361FA9CCD500FF2379 /* Base */ = {isa = PBXFileReference; lastKnownFileType = file.storyboard; name = Base; path = Base.lproj/Main.storyboard; sourceTree = "<group>"; };
		D6791D381FA9CCD500FF2379 /* Assets.xcassets */ = {isa = PBXFileReference; lastKnownFileType = folder.assetcatalog; path = Assets.xcassets; sourceTree = "<group>"; };
		D6791D3B1FA9CCD500FF2379 /* Base */ = {isa = PBXFileReference; lastKnownFileType = file.storyboard; name = Base; path = Base.lproj/LaunchScreen.storyboard; sourceTree = "<group>"; };
		D6791D3D1FA9CCD500FF2379 /* Info.plist */ = {isa = PBXFileReference; lastKnownFileType = text.plist.xml; path = Info.plist; sourceTree = "<group>"; };
		D6791D421FA9CCD500FF2379 /* iOSQuizTests.xctest */ = {isa = PBXFileReference; explicitFileType = wrapper.cfbundle; includeInIndex = 0; path = iOSQuizTests.xctest; sourceTree = BUILT_PRODUCTS_DIR; };
		D6791D461FA9CCD500FF2379 /* iOSQuizTests.swift */ = {isa = PBXFileReference; lastKnownFileType = sourcecode.swift; path = iOSQuizTests.swift; sourceTree = "<group>"; };
		D6791D481FA9CCD500FF2379 /* Info.plist */ = {isa = PBXFileReference; lastKnownFileType = text.plist.xml; path = Info.plist; sourceTree = "<group>"; };
		D6791D4D1FA9CCD500FF2379 /* iOSQuizUITests.xctest */ = {isa = PBXFileReference; explicitFileType = wrapper.cfbundle; includeInIndex = 0; path = iOSQuizUITests.xctest; sourceTree = BUILT_PRODUCTS_DIR; };
		D6791D511FA9CCD500FF2379 /* iOSQuizUITests.swift */ = {isa = PBXFileReference; lastKnownFileType = sourcecode.swift; path = iOSQuizUITests.swift; sourceTree = "<group>"; };
		D6791D531FA9CCD500FF2379 /* Info.plist */ = {isa = PBXFileReference; lastKnownFileType = text.plist.xml; path = Info.plist; sourceTree = "<group>"; };
/* End PBXFileReference section */

/* Begin PBXFrameworksBuildPhase section */
		D6791D2B1FA9CCD500FF2379 /* Frameworks */ = {
			isa = PBXFrameworksBuildPhase;
			buildActionMask = 2147483647;
			files = (
			);
			runOnlyForDeploymentPostprocessing = 0;
		};
		D6791D3F1FA9CCD500FF2379 /* Frameworks */ = {
			isa = PBXFrameworksBuildPhase;
			buildActionMask = 2147483647;
			files = (
			);
			runOnlyForDeploymentPostprocessing = 0;
		};
		D6791D4A1FA9CCD500FF2379 /* Frameworks */ = {
			isa = PBXFrameworksBuildPhase;
			buildActionMask = 2147483647;
			files = (
			);
			runOnlyForDeploymentPostprocessing = 0;
		};
/* End PBXFrameworksBuildPhase section */

/* Begin PBXGroup section */
		D6791D251FA9CCD400FF2379 = {
			isa = PBXGroup;
			children = (
				D6791D301FA9CCD500FF2379 /* iOSQuiz */,
				D6791D451FA9CCD500FF2379 /* iOSQuizTests */,
				D6791D501FA9CCD500FF2379 /* iOSQuizUITests */,
				D6791D2F1FA9CCD500FF2379 /* Products */,
			);
			sourceTree = "<group>";
		};
		D6791D2F1FA9CCD500FF2379 /* Products */ = {
			isa = PBXGroup;
			children = (
				D6791D2E1FA9CCD500FF2379 /* iOSQuiz.app */,
				D6791D421FA9CCD500FF2379 /* iOSQuizTests.xctest */,
				D6791D4D1FA9CCD500FF2379 /* iOSQuizUITests.xctest */,
			);
			name = Products;
			sourceTree = "<group>";
		};
		D6791D301FA9CCD500FF2379 /* iOSQuiz */ = {
			isa = PBXGroup;
			children = (
				D6791D311FA9CCD500FF2379 /* AppDelegate.swift */,
				D6791D331FA9CCD500FF2379 /* ViewController.swift */,
				D6791D351FA9CCD500FF2379 /* Main.storyboard */,
				D6791D381FA9CCD500FF2379 /* Assets.xcassets */,
				D6791D3A1FA9CCD500FF2379 /* LaunchScreen.storyboard */,
				D6791D3D1FA9CCD500FF2379 /* Info.plist */,
			);
			path = iOSQuiz;
			sourceTree = "<group>";
		};
		D6791D451FA9CCD500FF2379 /* iOSQuizTests */ = {
			isa = PBXGroup;
			children = (
				D6791D461FA9CCD500FF2379 /* iOSQuizTests.swift */,
				D6791D481FA9CCD500FF2379 /* Info.plist */,
			);
			path = iOSQuizTests;
			sourceTree = "<group>";
		};
		D6791D501FA9CCD500FF2379 /* iOSQuizUITests */ = {
			isa = PBXGroup;
			children = (
				D6791D511FA9CCD500FF2379 /* iOSQuizUITests.swift */,
				D6791D531FA9CCD500FF2379 /* Info.plist */,
			);
			path = iOSQuizUITests;
			sourceTree = "<group>";
		};
/* End PBXGroup section */

/* Begin PBXNativeTarget section */
		D6791D2D1FA9CCD500FF2379 /* iOSQuiz */ = {
			isa = PBXNativeTarget;
			buildConfigurationList = D6791D561FA9CCD500FF2379 /* Build configuration list for PBXNativeTarget "iOSQuiz" */;
			buildPhases = (
				D6791D2A1FA9CCD500FF2379 /* Sources */,
				D6791D2B1FA9CCD500FF2379 /* Frameworks */,
				D6791D2C1FA9CCD500FF2379 /* Resources */,
			);
			buildRules = (
			);
			dependencies = (
			);
			name = iOSQuiz;
			productName = iOSQuiz;
			productReference = D6791D2E1FA9CCD500FF2379 /* iOSQuiz.app */;
			productType = "com.apple.product-type.application";
		};
		D6791D411FA9CCD500FF2379 /* iOSQuizTests */ = {
			isa = PBXNativeTarget;
			buildConfigurationList = D6791D591FA9CCD500FF2379 /* Build configuration list for PBXNativeTarget "iOSQuizTests" */;
			buildPhases = (
				D6791D3E1FA9CCD500FF2379 /* Sources */,
				D6791D3F1FA9CCD500FF2379 /* Frameworks */,
				D6791D401FA9CCD500FF2379 /* Resources */,
			);
			buildRules = (
			);
			dependencies = (
				D6791D441FA9CCD500FF2379 /* PBXTargetDependency */,
			);
			name = iOSQuizTests;
			productName = iOSQuizTests;
			productReference = D6791D421FA9CCD500FF2379 /* iOSQuizTests.xctest */;
			productType = "com.apple.product-type.bundle.unit-test";
		};
		D6791D4C1FA9CCD500FF2379 /* iOSQuizUITests */ = {
			isa = PBXNativeTarget;
			buildConfigurationList = D6791D5C1FA9CCD500FF2379 /* Build configuration list for PBXNativeTarget "iOSQuizUITests" */;
			buildPhases = (
				D6791D491FA9CCD500FF2379 /* Sources */,
				D6791D4A1FA9CCD500FF2379 /* Frameworks */,
				D6791D4B1FA9CCD500FF2379 /* Resources */,
			);
			buildRules = (
			);
			dependencies = (
				D6791D4F1FA9CCD500FF2379 /* PBXTargetDependency */,
			);
			name = iOSQuizUITests;
			productName = iOSQuizUITests;
			productReference = D6791D4D1FA9CCD500FF2379 /* iOSQuizUITests.xctest */;
			productType = "com.apple.product-type.bundle.ui-testing";
		};
/* End PBXNativeTarget section */

/* Begin PBXProject section */
		D6791D261FA9CCD400FF2379 /* Project object */ = {
			isa = PBXProject;
			attributes = {
				LastSwiftUpdateCheck = 0910;
				LastUpgradeCheck = 0910;
				ORGANIZATIONNAME = "Danny Moon";
				TargetAttributes = {
					D6791D2D1FA9CCD500FF2379 = {
						CreatedOnToolsVersion = 9.1;
						ProvisioningStyle = Automatic;
					};
					D6791D411FA9CCD500FF2379 = {
						CreatedOnToolsVersion = 9.1;
						ProvisioningStyle = Automatic;
						TestTargetID = D6791D2D1FA9CCD500FF2379;
					};
					D6791D4C1FA9CCD500FF2379 = {
						CreatedOnToolsVersion = 9.1;
						ProvisioningStyle = Automatic;
						TestTargetID = D6791D2D1FA9CCD500FF2379;
					};
				};
			};
			buildConfigurationList = D6791D291FA9CCD400FF2379 /* Build configuration list for PBXProject "iOSQuiz" */;
			compatibilityVersion = "Xcode 8.0";
			developmentRegion = en;
			hasScannedForEncodings = 0;
			knownRegions = (
				en,
				Base,
			);
			mainGroup = D6791D251FA9CCD400FF2379;
			productRefGroup = D6791D2F1FA9CCD500FF2379 /* Products */;
			projectDirPath = "";
			projectRoot = "";
			targets = (
				D6791D2D1FA9CCD500FF2379 /* iOSQuiz */,
				D6791D411FA9CCD500FF2379 /* iOSQuizTests */,
				D6791D4C1FA9CCD500FF2379 /* iOSQuizUITests */,
			);
		};
/* End PBXProject section */

/* Begin PBXResourcesBuildPhase section */
		D6791D2C1FA9CCD500FF2379 /* Resources */ = {
			isa = PBXResourcesBuildPhase;
			buildActionMask = 2147483647;
			files = (
				D6791D3C1FA9CCD500FF2379 /* LaunchScreen.storyboard in Resources */,
				D6791D391FA9CCD500FF2379 /* Assets.xcassets in Resources */,
				D6791D371FA9CCD500FF2379 /* Main.storyboard in Resources */,
			);
			runOnlyForDeploymentPostprocessing = 0;
		};
		D6791D401FA9CCD500FF2379 /* Resources */ = {
			isa = PBXResourcesBuildPhase;
			buildActionMask = 2147483647;
			files = (
			);
			runOnlyForDeploymentPostprocessing = 0;
		};
		D6791D4B1FA9CCD500FF2379 /* Resources */ = {
			isa = PBXResourcesBuildPhase;
			buildActionMask = 2147483647;
			files = (
			);
			runOnlyForDeploymentPostprocessing = 0;
		};
/* End PBXResourcesBuildPhase section */

/* Begin PBXSourcesBuildPhase section */
		D6791D2A1FA9CCD500FF2379 /* Sources */ = {
			isa = PBXSourcesBuildPhase;
			buildActionMask = 2147483647;
			files = (
				D6791D341FA9CCD500FF2379 /* ViewController.swift in Sources */,
				D6791D321FA9CCD500FF2379 /* AppDelegate.swift in Sources */,
			);
			runOnlyForDeploymentPostprocessing = 0;
		};
		D6791D3E1FA9CCD500FF2379 /* Sources */ = {
			isa = PBXSourcesBuildPhase;
			buildActionMask = 2147483647;
			files = (
				D6791D471FA9CCD500FF2379 /* iOSQuizTests.swift in Sources */,
			);
			runOnlyForDeploymentPostprocessing = 0;
		};
		D6791D491FA9CCD500FF2379 /* Sources */ = {
			isa = PBXSourcesBuildPhase;
			buildActionMask = 2147483647;
			files = (
				D6791D521FA9CCD500FF2379 /* iOSQuizUITests.swift in Sources */,
			);
			runOnlyForDeploymentPostprocessing = 0;
		};
/* End PBXSourcesBuildPhase section */

/* Begin PBXTargetDependency section */
		D6791D441FA9CCD500FF2379 /* PBXTargetDependency */ = {
			isa = PBXTargetDependency;
			target = D6791D2D1FA9CCD500FF2379 /* iOSQuiz */;
			targetProxy = D6791D431FA9CCD500FF2379 /* PBXContainerItemProxy */;
		};
		D6791D4F1FA9CCD500FF2379 /* PBXTargetDependency */ = {
			isa = PBXTargetDependency;
			target = D6791D2D1FA9CCD500FF2379 /* iOSQuiz */;
			targetProxy = D6791D4E1FA9CCD500FF2379 /* PBXContainerItemProxy */;
		};
/* End PBXTargetDependency section */

/* Begin PBXVariantGroup section */
		D6791D351FA9CCD500FF2379 /* Main.storyboard */ = {
			isa = PBXVariantGroup;
			children = (
				D6791D361FA9CCD500FF2379 /* Base */,
			);
			name = Main.storyboard;
			sourceTree = "<group>";
		};
		D6791D3A1FA9CCD500FF2379 /* LaunchScreen.storyboard */ = {
			isa = PBXVariantGroup;
			children = (
				D6791D3B1FA9CCD500FF2379 /* Base */,
			);
			name = LaunchScreen.storyboard;
			sourceTree = "<group>";
		};
/* End PBXVariantGroup section */

/* Begin XCBuildConfiguration section */
		D6791D541FA9CCD500FF2379 /* Debug */ = {
			isa = XCBuildConfiguration;
			buildSettings = {
				ALWAYS_SEARCH_USER_PATHS = NO;
				CLANG_ANALYZER_NONNULL = YES;
				CLANG_ANALYZER_NUMBER_OBJECT_CONVERSION = YES_AGGRESSIVE;
				CLANG_CXX_LANGUAGE_STANDARD = "gnu++14";
				CLANG_CXX_LIBRARY = "libc++";
				CLANG_ENABLE_MODULES = YES;
				CLANG_ENABLE_OBJC_ARC = YES;
				CLANG_WARN_BLOCK_CAPTURE_AUTORELEASING = YES;
				CLANG_WARN_BOOL_CONVERSION = YES;
				CLANG_WARN_COMMA = YES;
				CLANG_WARN_CONSTANT_CONVERSION = YES;
				CLANG_WARN_DIRECT_OBJC_ISA_USAGE = YES_ERROR;
				CLANG_WARN_DOCUMENTATION_COMMENTS = YES;
				CLANG_WARN_EMPTY_BODY = YES;
				CLANG_WARN_ENUM_CONVERSION = YES;
				CLANG_WARN_INFINITE_RECURSION = YES;
				CLANG_WARN_INT_CONVERSION = YES;
				CLANG_WARN_NON_LITERAL_NULL_CONVERSION = YES;
				CLANG_WARN_OBJC_LITERAL_CONVERSION = YES;
				CLANG_WARN_OBJC_ROOT_CLASS = YES_ERROR;
				CLANG_WARN_RANGE_LOOP_ANALYSIS = YES;
				CLANG_WARN_STRICT_PROTOTYPES = YES;
				CLANG_WARN_SUSPICIOUS_MOVE = YES;
				CLANG_WARN_UNGUARDED_AVAILABILITY = YES_AGGRESSIVE;
				CLANG_WARN_UNREACHABLE_CODE = YES;
				CLANG_WARN__DUPLICATE_METHOD_MATCH = YES;
				CODE_SIGN_IDENTITY = "iPhone Developer";
				COPY_PHASE_STRIP = NO;
				DEBUG_INFORMATION_FORMAT = dwarf;
				ENABLE_STRICT_OBJC_MSGSEND = YES;
				ENABLE_TESTABILITY = YES;
				GCC_C_LANGUAGE_STANDARD = gnu11;
				GCC_DYNAMIC_NO_PIC = NO;
				GCC_NO_COMMON_BLOCKS = YES;
				GCC_OPTIMIZATION_LEVEL = 0;
				GCC_PREPROCESSOR_DEFINITIONS = (
					"DEBUG=1",
					"$(inherited)",
				);
				GCC_WARN_64_TO_32_BIT_CONVERSION = YES;
				GCC_WARN_ABOUT_RETURN_TYPE = YES_ERROR;
				GCC_WARN_UNDECLARED_SELECTOR = YES;
				GCC_WARN_UNINITIALIZED_AUTOS = YES_AGGRESSIVE;
				GCC_WARN_UNUSED_FUNCTION = YES;
				GCC_WARN_UNUSED_VARIABLE = YES;
				IPHONEOS_DEPLOYMENT_TARGET = 11.1;
				MTL_ENABLE_DEBUG_INFO = YES;
				ONLY_ACTIVE_ARCH = YES;
				SDKROOT = iphoneos;
				SWIFT_ACTIVE_COMPILATION_CONDITIONS = DEBUG;
				SWIFT_OPTIMIZATION_LEVEL = "-Onone";
			};
			name = Debug;
		};
		D6791D551FA9CCD500FF2379 /* Release */ = {
			isa = XCBuildConfiguration;
			buildSettings = {
				ALWAYS_SEARCH_USER_PATHS = NO;
				CLANG_ANALYZER_NONNULL = YES;
				CLANG_ANALYZER_NUMBER_OBJECT_CONVERSION = YES_AGGRESSIVE;
				CLANG_CXX_LANGUAGE_STANDARD = "gnu++14";
				CLANG_CXX_LIBRARY = "libc++";
				CLANG_ENABLE_MODULES = YES;
				CLANG_ENABLE_OBJC_ARC = YES;
				CLANG_WARN_BLOCK_CAPTURE_AUTORELEASING = YES;
				CLANG_WARN_BOOL_CONVERSION = YES;
				CLANG_WARN_COMMA = YES;
				CLANG_WARN_CONSTANT_CONVERSION = YES;
				CLANG_WARN_DIRECT_OBJC_ISA_USAGE = YES_ERROR;
				CLANG_WARN_DOCUMENTATION_COMMENTS = YES;
				CLANG_WARN_EMPTY_BODY = YES;
				CLANG_WARN_ENUM_CONVERSION = YES;
				CLANG_WARN_INFINITE_RECURSION = YES;
				CLANG_WARN_INT_CONVERSION = YES;
				CLANG_WARN_NON_LITERAL_NULL_CONVERSION = YES;
				CLANG_WARN_OBJC_LITERAL_CONVERSION = YES;
				CLANG_WARN_OBJC_ROOT_CLASS = YES_ERROR;
				CLANG_WARN_RANGE_LOOP_ANALYSIS = YES;
				CLANG_WARN_STRICT_PROTOTYPES = YES;
				CLANG_WARN_SUSPICIOUS_MOVE = YES;
				CLANG_WARN_UNGUARDED_AVAILABILITY = YES_AGGRESSIVE;
				CLANG_WARN_UNREACHABLE_CODE = YES;
				CLANG_WARN__DUPLICATE_METHOD_MATCH = YES;
				CODE_SIGN_IDENTITY = "iPhone Developer";
				COPY_PHASE_STRIP = NO;
				DEBUG_INFORMATION_FORMAT = "dwarf-with-dsym";
				ENABLE_NS_ASSERTIONS = NO;
				ENABLE_STRICT_OBJC_MSGSEND = YES;
				GCC_C_LANGUAGE_STANDARD = gnu11;
				GCC_NO_COMMON_BLOCKS = YES;
				GCC_WARN_64_TO_32_BIT_CONVERSION = YES;
				GCC_WARN_ABOUT_RETURN_TYPE = YES_ERROR;
				GCC_WARN_UNDECLARED_SELECTOR = YES;
				GCC_WARN_UNINITIALIZED_AUTOS = YES_AGGRESSIVE;
				GCC_WARN_UNUSED_FUNCTION = YES;
				GCC_WARN_UNUSED_VARIABLE = YES;
				IPHONEOS_DEPLOYMENT_TARGET = 11.1;
				MTL_ENABLE_DEBUG_INFO = NO;
				SDKROOT = iphoneos;
				SWIFT_OPTIMIZATION_LEVEL = "-Owholemodule";
				VALIDATE_PRODUCT = YES;
			};
			name = Release;
		};
		D6791D571FA9CCD500FF2379 /* Debug */ = {
			isa = XCBuildConfiguration;
			buildSettings = {
				ASSETCATALOG_COMPILER_APPICON_NAME = AppIcon;
				"CODE_SIGN_IDENTITY[sdk=iphoneos*]" = "iPhone Developer";
				CODE_SIGN_STYLE = Automatic;
				DEVELOPMENT_TEAM = NB72D9XZRV;
				INFOPLIST_FILE = iOSQuiz/Info.plist;
				IPHONEOS_DEPLOYMENT_TARGET = 11.1;
				LD_RUNPATH_SEARCH_PATHS = "$(inherited) @executable_path/Frameworks";
				PRODUCT_BUNDLE_IDENTIFIER = iOSQuiz.iOSQuiz;
				PRODUCT_NAME = "$(TARGET_NAME)";
				PROVISIONING_PROFILE_SPECIFIER = "";
				SWIFT_VERSION = 4.0;
				TARGETED_DEVICE_FAMILY = "1,2";
			};
			name = Debug;
		};
		D6791D581FA9CCD500FF2379 /* Release */ = {
			isa = XCBuildConfiguration;
			buildSettings = {
				ASSETCATALOG_COMPILER_APPICON_NAME = AppIcon;
				"CODE_SIGN_IDENTITY[sdk=iphoneos*]" = "iPhone Developer";
				CODE_SIGN_STYLE = Automatic;
				DEVELOPMENT_TEAM = NB72D9XZRV;
				INFOPLIST_FILE = iOSQuiz/Info.plist;
				IPHONEOS_DEPLOYMENT_TARGET = 11.1;
				LD_RUNPATH_SEARCH_PATHS = "$(inherited) @executable_path/Frameworks";
				PRODUCT_BUNDLE_IDENTIFIER = iOSQuiz.iOSQuiz;
				PRODUCT_NAME = "$(TARGET_NAME)";
				PROVISIONING_PROFILE_SPECIFIER = "";
				SWIFT_VERSION = 4.0;
				TARGETED_DEVICE_FAMILY = "1,2";
			};
			name = Release;
		};
		D6791D5A1FA9CCD500FF2379 /* Debug */ = {
			isa = XCBuildConfiguration;
			buildSettings = {
				ALWAYS_EMBED_SWIFT_STANDARD_LIBRARIES = YES;
				BUNDLE_LOADER = "$(TEST_HOST)";
				CODE_SIGN_STYLE = Automatic;
				DEVELOPMENT_TEAM = NB72D9XZRV;
				INFOPLIST_FILE = iOSQuizTests/Info.plist;
				LD_RUNPATH_SEARCH_PATHS = "$(inherited) @executable_path/Frameworks @loader_path/Frameworks";
				PRODUCT_BUNDLE_IDENTIFIER = iOSQuiz.iOSQuizTests;
				PRODUCT_NAME = "$(TARGET_NAME)";
				SWIFT_VERSION = 4.0;
				TARGETED_DEVICE_FAMILY = "1,2";
				TEST_HOST = "$(BUILT_PRODUCTS_DIR)/iOSQuiz.app/iOSQuiz";
			};
			name = Debug;
		};
		D6791D5B1FA9CCD500FF2379 /* Release */ = {
			isa = XCBuildConfiguration;
			buildSettings = {
				ALWAYS_EMBED_SWIFT_STANDARD_LIBRARIES = YES;
				BUNDLE_LOADER = "$(TEST_HOST)";
				CODE_SIGN_STYLE = Automatic;
				DEVELOPMENT_TEAM = NB72D9XZRV;
				INFOPLIST_FILE = iOSQuizTests/Info.plist;
				LD_RUNPATH_SEARCH_PATHS = "$(inherited) @executable_path/Frameworks @loader_path/Frameworks";
				PRODUCT_BUNDLE_IDENTIFIER = iOSQuiz.iOSQuizTests;
				PRODUCT_NAME = "$(TARGET_NAME)";
				SWIFT_VERSION = 4.0;
				TARGETED_DEVICE_FAMILY = "1,2";
				TEST_HOST = "$(BUILT_PRODUCTS_DIR)/iOSQuiz.app/iOSQuiz";
			};
			name = Release;
		};
		D6791D5D1FA9CCD500FF2379 /* Debug */ = {
			isa = XCBuildConfiguration;
			buildSettings = {
				ALWAYS_EMBED_SWIFT_STANDARD_LIBRARIES = YES;
				CODE_SIGN_STYLE = Automatic;
				DEVELOPMENT_TEAM = NB72D9XZRV;
				INFOPLIST_FILE = iOSQuizUITests/Info.plist;
				LD_RUNPATH_SEARCH_PATHS = "$(inherited) @executable_path/Frameworks @loader_path/Frameworks";
				PRODUCT_BUNDLE_IDENTIFIER = iOSQuiz.iOSQuizUITests;
				PRODUCT_NAME = "$(TARGET_NAME)";
				SWIFT_VERSION = 4.0;
				TARGETED_DEVICE_FAMILY = "1,2";
				TEST_TARGET_NAME = iOSQuiz;
			};
			name = Debug;
		};
		D6791D5E1FA9CCD500FF2379 /* Release */ = {
			isa = XCBuildConfiguration;
			buildSettings = {
				ALWAYS_EMBED_SWIFT_STANDARD_LIBRARIES = YES;
				CODE_SIGN_STYLE = Automatic;
				DEVELOPMENT_TEAM = NB72D9XZRV;
				INFOPLIST_FILE = iOSQuizUITests/Info.plist;
				LD_RUNPATH_SEARCH_PATHS = "$(inherited) @executable_path/Frameworks @loader_path/Frameworks";
				PRODUCT_BUNDLE_IDENTIFIER = iOSQuiz.iOSQuizUITests;
				PRODUCT_NAME = "$(TARGET_NAME)";
				SWIFT_VERSION = 4.0;
				TARGETED_DEVICE_FAMILY = "1,2";
				TEST_TARGET_NAME = iOSQuiz;
			};
			name = Release;
		};
/* End XCBuildConfiguration section */

/* Begin XCConfigurationList section */
		D6791D291FA9CCD400FF2379 /* Build configuration list for PBXProject "iOSQuiz" */ = {
			isa = XCConfigurationList;
			buildConfigurations = (
				D6791D541FA9CCD500FF2379 /* Debug */,
				D6791D551FA9CCD500FF2379 /* Release */,
			);
			defaultConfigurationIsVisible = 0;
			defaultConfigurationName = Release;
		};
		D6791D561FA9CCD500FF2379 /* Build configuration list for PBXNativeTarget "iOSQuiz" */ = {
			isa = XCConfigurationList;
			buildConfigurations = (
				D6791D571FA9CCD500FF2379 /* Debug */,
				D6791D581FA9CCD500FF2379 /* Release */,
			);
			defaultConfigurationIsVisible = 0;
			defaultConfigurationName = Release;
		};
		D6791D591FA9CCD500FF2379 /* Build configuration list for PBXNativeTarget "iOSQuizTests" */ = {
			isa = XCConfigurationList;
			buildConfigurations = (
				D6791D5A1FA9CCD500FF2379 /* Debug */,
				D6791D5B1FA9CCD500FF2379 /* Release */,
			);
			defaultConfigurationIsVisible = 0;
			defaultConfigurationName = Release;
		};
		D6791D5C1FA9CCD500FF2379 /* Build configuration list for PBXNativeTarget "iOSQuizUITests" */ = {
			isa = XCConfigurationList;
			buildConfigurations = (
				D6791D5D1FA9CCD500FF2379 /* Debug */,
				D6791D5E1FA9CCD500FF2379 /* Release */,
			);
			defaultConfigurationIsVisible = 0;
			defaultConfigurationName = Release;
		};
/* End XCConfigurationList section */
	};
	rootObject = D6791D261FA9CCD400FF2379 /* Project object */;
}
